
Microsoft Visual Studio Solution File, Format Version 12.00
# Visual Studio Version 16
VisualStudioVersion = 16.0.31702.278
MinimumVisualStudioVersion = 10.0.40219.1
Project("{FAE04EC0-301F-11D3-BF4B-00C04F79EFBC}") = "Asteroids", "Asteroids\Asteroids.csproj", "{CDD76874-8F66-4ECA-8F98-3335F8E0F556}"
EndProject
Project("{FAE04EC0-301F-11D3-BF4B-00C04F79EFBC}") = "Lesson4", "Lesson4\Lesson4.csproj", "{E15A8B36-CE6E-41D9-953F-4E83FFA56850}"
EndProject
Global
	GlobalSection(SolutionConfigurationPlatforms) = preSolution
		Debug|Any CPU = Debug|Any CPU
		Release|Any CPU = Release|Any CPU
	EndGlobalSection
	GlobalSection(ProjectConfigurationPlatforms) = postSolution
		{CDD76874-8F66-4ECA-8F98-3335F8E0F556}.Debug|Any CPU.ActiveCfg = Debug|Any CPU
		{CDD76874-8F66-4ECA-8F98-3335F8E0F556}.Debug|Any CPU.Build.0 = Debug|Any CPU
		{CDD76874-8F66-4ECA-8F98-3335F8E0F556}.Release|Any CPU.ActiveCfg = Release|Any CPU
		{CDD76874-8F66-4ECA-8F98-3335F8E0F556}.Release|Any CPU.Build.0 = Release|Any CPU
		{E15A8B36-CE6E-41D9-953F-4E83FFA56850}.Debug|Any CPU.ActiveCfg = Debug|Any CPU
		{E15A8B36-CE6E-41D9-953F-4E83FFA56850}.Debug|Any CPU.Build.0 = Debug|Any CPU
		{E15A8B36-CE6E-41D9-953F-4E83FFA56850}.Release|Any CPU.ActiveCfg = Release|Any CPU
		{E15A8B36-CE6E-41D9-953F-4E83FFA56850}.Release|Any CPU.Build.0 = Release|Any CPU
	EndGlobalSection
	GlobalSection(SolutionProperties) = preSolution
		HideSolutionNode = FALSE
	EndGlobalSection
	GlobalSection(ExtensibilityGlobals) = postSolution
		SolutionGuid = {ABFC1E88-72CF-42DB-A301-E30F4C7B1EF8}
	EndGlobalSection
EndGlobal
